
Microsoft Visual Studio Solution File, Format Version 12.00
# Visual Studio Version 17
VisualStudioVersion = 17.0.32126.317
MinimumVisualStudioVersion = 10.0.40219.1
Project("{FAE04EC0-301F-11D3-BF4B-00C04F79EFBC}") = "TraderDiary", "TraderDiary\TraderDiary.csproj", "{0ADD4A16-734A-4B0A-B598-8DAE1771A3D9}"
EndProject
Project("{FAE04EC0-301F-11D3-BF4B-00C04F79EFBC}") = "DiaryLibrary", "DairyLibrary\DiaryLibrary.csproj", "{64210BDA-CC8E-4771-82A1-329911C0A846}"
EndProject
Global
	GlobalSection(SolutionConfigurationPlatforms) = preSolution
		Debug|Any CPU = Debug|Any CPU
		Release|Any CPU = Release|Any CPU
	EndGlobalSection
	GlobalSection(ProjectConfigurationPlatforms) = postSolution
		{0ADD4A16-734A-4B0A-B598-8DAE1771A3D9}.Debug|Any CPU.ActiveCfg = Debug|Any CPU
		{0ADD4A16-734A-4B0A-B598-8DAE1771A3D9}.Debug|Any CPU.Build.0 = Debug|Any CPU
		{0ADD4A16-734A-4B0A-B598-8DAE1771A3D9}.Release|Any CPU.ActiveCfg = Release|Any CPU
		{0ADD4A16-734A-4B0A-B598-8DAE1771A3D9}.Release|Any CPU.Build.0 = Release|Any CPU
		{64210BDA-CC8E-4771-82A1-329911C0A846}.Debug|Any CPU.ActiveCfg = Debug|Any CPU
		{64210BDA-CC8E-4771-82A1-329911C0A846}.Debug|Any CPU.Build.0 = Debug|Any CPU
		{64210BDA-CC8E-4771-82A1-329911C0A846}.Release|Any CPU.ActiveCfg = Release|Any CPU
		{64210BDA-CC8E-4771-82A1-329911C0A846}.Release|Any CPU.Build.0 = Release|Any CPU
	EndGlobalSection
	GlobalSection(SolutionProperties) = preSolution
		HideSolutionNode = FALSE
	EndGlobalSection
	GlobalSection(ExtensibilityGlobals) = postSolution
		SolutionGuid = {DCA3E7E3-3D44-436E-95E5-B5D4A047FD0E}
	EndGlobalSection
EndGlobal
